
Microsoft Visual Studio Solution File, Format Version 12.00
# Visual Studio Version 16
VisualStudioVersion = 16.0.29519.181
MinimumVisualStudioVersion = 10.0.40219.1
Project("{FAE04EC0-301F-11D3-BF4B-00C04F79EFBC}") = "RazorInMarkdownTest", "RazorInMarkdownTest\RazorInMarkdownTest.csproj", "{5374E223-4E75-4493-A6B2-14CD0DED2EA9}"
EndProject
Project("{FAE04EC0-301F-11D3-BF4B-00C04F79EFBC}") = "CNi.AspNetMarkdown", "CNi.AspNetMarkdown\CNi.AspNetMarkdown.csproj", "{D1D1DCA0-F0FE-41A4-8D59-37924363CC12}"
EndProject
Global
	GlobalSection(SolutionConfigurationPlatforms) = preSolution
		Debug|Any CPU = Debug|Any CPU
		Release|Any CPU = Release|Any CPU
	EndGlobalSection
	GlobalSection(ProjectConfigurationPlatforms) = postSolution
		{5374E223-4E75-4493-A6B2-14CD0DED2EA9}.Debug|Any CPU.ActiveCfg = Debug|Any CPU
		{5374E223-4E75-4493-A6B2-14CD0DED2EA9}.Debug|Any CPU.Build.0 = Debug|Any CPU
		{5374E223-4E75-4493-A6B2-14CD0DED2EA9}.Release|Any CPU.ActiveCfg = Release|Any CPU
		{5374E223-4E75-4493-A6B2-14CD0DED2EA9}.Release|Any CPU.Build.0 = Release|Any CPU
		{D1D1DCA0-F0FE-41A4-8D59-37924363CC12}.Debug|Any CPU.ActiveCfg = Debug|Any CPU
		{D1D1DCA0-F0FE-41A4-8D59-37924363CC12}.Debug|Any CPU.Build.0 = Debug|Any CPU
		{D1D1DCA0-F0FE-41A4-8D59-37924363CC12}.Release|Any CPU.ActiveCfg = Release|Any CPU
		{D1D1DCA0-F0FE-41A4-8D59-37924363CC12}.Release|Any CPU.Build.0 = Release|Any CPU
	EndGlobalSection
	GlobalSection(SolutionProperties) = preSolution
		HideSolutionNode = FALSE
	EndGlobalSection
	GlobalSection(ExtensibilityGlobals) = postSolution
		SolutionGuid = {E504BA3D-8414-49A5-98D5-E6B5FD8A76E5}
	EndGlobalSection
EndGlobal
