
Microsoft Visual Studio Solution File, Format Version 12.00
# Visual Studio Version 16
VisualStudioVersion = 16.0.29519.181
MinimumVisualStudioVersion = 10.0.40219.1
Project("{FAE04EC0-301F-11D3-BF4B-00C04F79EFBC}") = "ControllersAndViewsSample", "ControllersAndViewsSample\ControllersAndViewsSample.csproj", "{D1885C2A-2281-4C20-8689-6FF4242DED21}"
EndProject
Global
	GlobalSection(SolutionConfigurationPlatforms) = preSolution
		Debug|Any CPU = Debug|Any CPU
		Release|Any CPU = Release|Any CPU
	EndGlobalSection
	GlobalSection(ProjectConfigurationPlatforms) = postSolution
		{D1885C2A-2281-4C20-8689-6FF4242DED21}.Debug|Any CPU.ActiveCfg = Debug|Any CPU
		{D1885C2A-2281-4C20-8689-6FF4242DED21}.Debug|Any CPU.Build.0 = Debug|Any CPU
		{D1885C2A-2281-4C20-8689-6FF4242DED21}.Release|Any CPU.ActiveCfg = Release|Any CPU
		{D1885C2A-2281-4C20-8689-6FF4242DED21}.Release|Any CPU.Build.0 = Release|Any CPU
	EndGlobalSection
	GlobalSection(SolutionProperties) = preSolution
		HideSolutionNode = FALSE
	EndGlobalSection
	GlobalSection(ExtensibilityGlobals) = postSolution
		SolutionGuid = {A81D49A0-DD60-424D-BCCC-9B008C545FAF}
	EndGlobalSection
EndGlobal
