
Microsoft Visual Studio Solution File, Format Version 12.00
# Visual Studio Version 16
VisualStudioVersion = 16.0.29521.150
MinimumVisualStudioVersion = 10.0.40219.1
Project("{FAE04EC0-301F-11D3-BF4B-00C04F79EFBC}") = "BlazorWASMSample", "BlazorWASMSample\BlazorWASMSample.csproj", "{97605676-DCB9-4225-AEB1-6B3C9BF5B374}"
EndProject
Global
	GlobalSection(SolutionConfigurationPlatforms) = preSolution
		Debug|Any CPU = Debug|Any CPU
		Release|Any CPU = Release|Any CPU
	EndGlobalSection
	GlobalSection(ProjectConfigurationPlatforms) = postSolution
		{97605676-DCB9-4225-AEB1-6B3C9BF5B374}.Debug|Any CPU.ActiveCfg = Debug|Any CPU
		{97605676-DCB9-4225-AEB1-6B3C9BF5B374}.Debug|Any CPU.Build.0 = Debug|Any CPU
		{97605676-DCB9-4225-AEB1-6B3C9BF5B374}.Release|Any CPU.ActiveCfg = Release|Any CPU
		{97605676-DCB9-4225-AEB1-6B3C9BF5B374}.Release|Any CPU.Build.0 = Release|Any CPU
	EndGlobalSection
	GlobalSection(SolutionProperties) = preSolution
		HideSolutionNode = FALSE
	EndGlobalSection
	GlobalSection(ExtensibilityGlobals) = postSolution
		SolutionGuid = {B2FBF735-0C9A-4BD5-9849-E4B8D20DFC41}
	EndGlobalSection
EndGlobal
